{
  "name": "glorp",
  "lockfileVersion": 3,
  "requires": true,
  "packages": {
    "": {
      "workspaces": [
        "npm/glorp"
      ]
    },
    "node_modules/@arittr/glorp": {
      "resolved": "npm/glorp",
      "link": true
    },
    "node_modules/@ccusage/ccusage-darwin-arm64": {
      "version": "20.0.14",
      "resolved": "https://registry.npmjs.org/@ccusage/ccusage-darwin-arm64/-/ccusage-darwin-arm64-20.0.14.tgz",
      "integrity": "sha512-M8ZQzWmvLsI+eKbjQBJtw2YudUgFr4gAtXmNnb5nYam177vmajaxDWdItJr+I+Qx9QbxsKOxJslazT/WYkoFFQ==",
      "cpu": [
        "arm64"
      ],
      "license": "MIT",
      "optional": true,
      "os": [
        "darwin"
      ]
    },
    "node_modules/@ccusage/ccusage-darwin-x64": {
      "version": "20.0.14",
      "resolved": "https://registry.npmjs.org/@ccusage/ccusage-darwin-x64/-/ccusage-darwin-x64-20.0.14.tgz",
      "integrity": "sha512-NORKtEWsw8n3WGTdK3LGmEbygwrUFEDYAOeXWYT5rKAU84IMMYO9BVKALsr5KWX5FpfGGhTk/QdbzSFIaAqzKw==",
      "cpu": [
        "x64"
      ],
      "license": "MIT",
      "optional": true,
      "os": [
        "darwin"
      ]
    },
    "node_modules/@ccusage/ccusage-linux-arm64": {
      "version": "20.0.14",
      "resolved": "https://registry.npmjs.org/@ccusage/ccusage-linux-arm64/-/ccusage-linux-arm64-20.0.14.tgz",
      "integrity": "sha512-aShec3E1bFZTOl35B4KdX35kEzGZGkGO5eOnR03ih1mF88D9eEUFKWJ9pha1Liq8v/1gJvmHzgjuV7hLxrNDhw==",
      "cpu": [
        "arm64"
      ],
      "license": "MIT",
      "optional": true,
      "os": [
        "linux"
      ]
    },
    "node_modules/@ccusage/ccusage-linux-x64": {
      "version": "20.0.14",
      "resolved": "https://registry.npmjs.org/@ccusage/ccusage-linux-x64/-/ccusage-linux-x64-20.0.14.tgz",
      "integrity": "sha512-Q00no4oxct4/zQ4ob7t8uItsTSyrwFLti5NZ6kGhCxliN7LwMNqMVrTsUDy8Wsfiu1HEtyQQUclYRNAtLsn6Uw==",
      "cpu": [
        "x64"
      ],
      "license": "MIT",
      "optional": true,
      "os": [
        "linux"
      ]
    },
    "node_modules/@ccusage/ccusage-win32-arm64": {
      "version": "20.0.14",
      "resolved": "https://registry.npmjs.org/@ccusage/ccusage-win32-arm64/-/ccusage-win32-arm64-20.0.14.tgz",
      "integrity": "sha512-a7VPXWtzeQVo3qJl4Mprga8gBhWniQ0aPfw8FZWGRp9S7oDL18vgJOq2yF7c2NYYvTDW2prDaku6dawVNQGXeg==",
      "cpu": [
        "arm64"
      ],
      "license": "MIT",
      "optional": true,
      "os": [
        "win32"
      ]
    },
    "node_modules/@ccusage/ccusage-win32-x64": {
      "version": "20.0.14",
      "resolved": "https://registry.npmjs.org/@ccusage/ccusage-win32-x64/-/ccusage-win32-x64-20.0.14.tgz",
      "integrity": "sha512-DXo5DrINH/Zwih+N7ra7jSpIo70heuzC+6k3CuB4QIacJj908uSX12Zp4JdnUwmFk7yGEwQBfVs+SmuOc+VP0w==",
      "cpu": [
        "x64"
      ],
      "license": "MIT",
      "optional": true,
      "os": [
        "win32"
      ]
    },
    "node_modules/@ccusage/codex": {
      "version": "19.0.0",
      "resolved": "https://registry.npmjs.org/@ccusage/codex/-/codex-19.0.0.tgz",
      "integrity": "sha512-UwsX56bDDcEKqJDixrVoKZj6U71AYyKExFXeQHlG2D9Esc70X/u3dbFVBh9ON2Ombs1U6LBUIbjGC4nmABDYNQ==",
      "deprecated": "Deprecated in favor of npx ccusage (use ccusage@20)",
      "license": "MIT",
      "bin": {
        "ccusage-codex": "index.js"
      },
      "engines": {
        "node": ">=22.0.0"
      },
      "funding": {
        "url": "https://github.com/ryoppippi/ccusage?sponsor=1"
      }
    },
    "node_modules/ccusage": {
      "version": "20.0.14",
      "resolved": "https://registry.npmjs.org/ccusage/-/ccusage-20.0.14.tgz",
      "integrity": "sha512-xAkGU9NZdhbxj11o6J9x/tqNXicLz29y9j3nTJEkPI76LW4i6IrsXXcD9ywqzbKRsq1NlJLEhnBRgaZAksS9WA==",
      "license": "MIT",
      "bin": {
        "ccusage": "src/cli.js"
      },
      "funding": {
        "url": "https://github.com/sponsors/ryoppippi"
      },
      "optionalDependencies": {
        "@ccusage/ccusage-darwin-arm64": "20.0.14",
        "@ccusage/ccusage-darwin-x64": "20.0.14",
        "@ccusage/ccusage-linux-arm64": "20.0.14",
        "@ccusage/ccusage-linux-x64": "20.0.14",
        "@ccusage/ccusage-win32-arm64": "20.0.14",
        "@ccusage/ccusage-win32-x64": "20.0.14"
      }
    },
    "npm/glorp": {
      "name": "@arittr/glorp",
      "version": "0.11.3",
      "license": "MIT",
      "dependencies": {
        "@ccusage/codex": "^19.0.0",
        "ccusage": "^20.0.14"
      },
      "bin": {
        "glorp": "bin/glorp.js"
      },
      "optionalDependencies": {
        "@arittr/glorp-darwin-arm64": "0.11.3",
        "@arittr/glorp-darwin-x64": "0.11.3",
        "@arittr/glorp-linux-arm64": "0.11.3",
        "@arittr/glorp-linux-x64": "0.11.3",
        "@arittr/glorp-win32-x64": "0.11.3"
      }
    }
  }
}
