{
  "name": "glorp",
  "lockfileVersion": 3,
  "requires": true,
  "packages": {
    "": {
      "workspaces": [
        "npm/glorp"
      ]
    },
    "node_modules/@arittr/glorp": {
      "resolved": "npm/glorp",
      "link": true
    },
    "node_modules/@ccusage/codex": {
      "version": "18.0.11",
      "resolved": "https://registry.npmjs.org/@ccusage/codex/-/codex-18.0.11.tgz",
      "integrity": "sha512-/S0dyaO3yDegtGXTaMhu1ZyT3JbSuHsiUiIu9uP6UmqIAtSd9DOko1qkM6K1roePbF/rlk596GDHW1f0664D3A==",
      "license": "MIT",
      "bin": {
        "ccusage-codex": "dist/index.js"
      },
      "engines": {
        "node": ">=20.19.4"
      },
      "funding": {
        "url": "https://github.com/ryoppippi/ccusage?sponsor=1"
      }
    },
    "node_modules/ccusage": {
      "version": "18.0.11",
      "resolved": "https://registry.npmjs.org/ccusage/-/ccusage-18.0.11.tgz",
      "integrity": "sha512-QIFCY2gh06vjWelND1gDwJxrniAcNkPw0OHUhz985iE7FIEf738YVzxUKQMKhA2fO9CIJCz0dSpnyIufaKdjdA==",
      "license": "MIT",
      "bin": {
        "ccusage": "dist/index.js"
      },
      "engines": {
        "node": ">=20.19.4"
      },
      "funding": {
        "url": "https://github.com/ryoppippi/ccusage?sponsor=1"
      }
    },
    "npm/glorp": {
      "name": "@arittr/glorp",
      "version": "0.8.2",
      "license": "MIT",
      "dependencies": {
        "@ccusage/codex": "^18.0.11",
        "ccusage": "^18.0.11"
      },
      "bin": {
        "glorp": "bin/glorp.js"
      },
      "optionalDependencies": {
        "@arittr/glorp-darwin-arm64": "0.8.2",
        "@arittr/glorp-darwin-x64": "0.8.2",
        "@arittr/glorp-linux-arm64": "0.8.2",
        "@arittr/glorp-linux-x64": "0.8.2",
        "@arittr/glorp-win32-x64": "0.8.2"
      }
    }
  }
}
