{
  "name": "glorp",
  "lockfileVersion": 3,
  "requires": true,
  "packages": {
    "": {
      "workspaces": [
        "npm/glorp"
      ]
    },
    "node_modules/@arittr/glorp": {
      "resolved": "npm/glorp",
      "link": true
    },
    "node_modules/@arittr/glorp-darwin-arm64": {
      "version": "0.1.6",
      "resolved": "https://registry.npmjs.org/@arittr/glorp-darwin-arm64/-/glorp-darwin-arm64-0.1.6.tgz",
      "integrity": "sha512-Ej4EY2xfY7xSmrmUe2R/0ppqsQ0biE9FHFWmVB2V+3lU3zglVcgyUIQSXQjiCuc6Fwu63QLS8+FQ6CaBTvz8qQ==",
      "cpu": [
        "arm64"
      ],
      "license": "MIT",
      "optional": true,
      "os": [
        "darwin"
      ]
    },
    "node_modules/@arittr/glorp-darwin-x64": {
      "version": "0.1.6",
      "resolved": "https://registry.npmjs.org/@arittr/glorp-darwin-x64/-/glorp-darwin-x64-0.1.6.tgz",
      "integrity": "sha512-2RCYcgo9ZfBnJNIu9eL8cK6dA+yOFbqM8VC4qilAqID7oIY6kSIcReh3DY+XOFPaHOmvqx4RlfRN+PPIcTEdaw==",
      "cpu": [
        "x64"
      ],
      "license": "MIT",
      "optional": true,
      "os": [
        "darwin"
      ]
    },
    "node_modules/@arittr/glorp-linux-arm64": {
      "version": "0.1.6",
      "resolved": "https://registry.npmjs.org/@arittr/glorp-linux-arm64/-/glorp-linux-arm64-0.1.6.tgz",
      "integrity": "sha512-gr30LjEKAhLKcMHUhXUR0kL5S1iwKB+f7CVBkbqyuvNzuj8hB7XyInJeAE3QPwG7PeaxT6eFRHvQYUYsoydSzg==",
      "cpu": [
        "arm64"
      ],
      "license": "MIT",
      "optional": true,
      "os": [
        "linux"
      ]
    },
    "node_modules/@arittr/glorp-linux-x64": {
      "version": "0.1.6",
      "resolved": "https://registry.npmjs.org/@arittr/glorp-linux-x64/-/glorp-linux-x64-0.1.6.tgz",
      "integrity": "sha512-X2tr3udtvhbGwJKKNo1zW4U1tq0IPrwJUIFR+gveey3Els4Kkedu3gtWQEpDnsydCbsPjv+Sipy3WplxFo+/qA==",
      "cpu": [
        "x64"
      ],
      "license": "MIT",
      "optional": true,
      "os": [
        "linux"
      ]
    },
    "node_modules/@arittr/glorp-win32-x64": {
      "version": "0.1.6",
      "resolved": "https://registry.npmjs.org/@arittr/glorp-win32-x64/-/glorp-win32-x64-0.1.6.tgz",
      "integrity": "sha512-GR2mLYZdxElBq+Mwo4SnL0bnbmYkIQtHowDir/x5NjnANPZW2C35Y9SiCfWu42pFZbI3rtF6pf1iN51wnCr0aA==",
      "cpu": [
        "x64"
      ],
      "license": "MIT",
      "optional": true,
      "os": [
        "win32"
      ]
    },
    "node_modules/@ccusage/codex": {
      "version": "18.0.11",
      "resolved": "https://registry.npmjs.org/@ccusage/codex/-/codex-18.0.11.tgz",
      "integrity": "sha512-/S0dyaO3yDegtGXTaMhu1ZyT3JbSuHsiUiIu9uP6UmqIAtSd9DOko1qkM6K1roePbF/rlk596GDHW1f0664D3A==",
      "license": "MIT",
      "bin": {
        "ccusage-codex": "dist/index.js"
      },
      "engines": {
        "node": ">=20.19.4"
      },
      "funding": {
        "url": "https://github.com/ryoppippi/ccusage?sponsor=1"
      }
    },
    "node_modules/ccusage": {
      "version": "18.0.11",
      "resolved": "https://registry.npmjs.org/ccusage/-/ccusage-18.0.11.tgz",
      "integrity": "sha512-QIFCY2gh06vjWelND1gDwJxrniAcNkPw0OHUhz985iE7FIEf738YVzxUKQMKhA2fO9CIJCz0dSpnyIufaKdjdA==",
      "license": "MIT",
      "bin": {
        "ccusage": "dist/index.js"
      },
      "engines": {
        "node": ">=20.19.4"
      },
      "funding": {
        "url": "https://github.com/ryoppippi/ccusage?sponsor=1"
      }
    },
    "npm/glorp": {
      "name": "@arittr/glorp",
      "version": "0.1.6",
      "license": "MIT",
      "dependencies": {
        "@ccusage/codex": "^18.0.11",
        "ccusage": "^18.0.11"
      },
      "bin": {
        "glorp": "bin/glorp.js"
      },
      "optionalDependencies": {
        "@arittr/glorp-darwin-arm64": "0.1.6",
        "@arittr/glorp-darwin-x64": "0.1.6",
        "@arittr/glorp-linux-arm64": "0.1.6",
        "@arittr/glorp-linux-x64": "0.1.6",
        "@arittr/glorp-win32-x64": "0.1.6"
      }
    }
  }
}
